
Microsoft Visual Studio Solution File, Format Version 12.00
# Visual Studio 15
VisualStudioVersion = 15.0.27130.0
MinimumVisualStudioVersion = 10.0.40219.1
Project("{FAE04EC0-301F-11D3-BF4B-00C04F79EFBC}") = "rcloneExplorer", "rcloneExplorer\rcloneExplorer.csproj", "{5CE12F26-23B8-4CE4-BCAA-715C0A23D4E3}"
EndProject
Global
	GlobalSection(SolutionConfigurationPlatforms) = preSolution
		Debug|Any CPU = Debug|Any CPU
		Release|Any CPU = Release|Any CPU
	EndGlobalSection
	GlobalSection(ProjectConfigurationPlatforms) = postSolution
		{5CE12F26-23B8-4CE4-BCAA-715C0A23D4E3}.Debug|Any CPU.ActiveCfg = Debug|Any CPU
		{5CE12F26-23B8-4CE4-BCAA-715C0A23D4E3}.Debug|Any CPU.Build.0 = Debug|Any CPU
		{5CE12F26-23B8-4CE4-BCAA-715C0A23D4E3}.Release|Any CPU.ActiveCfg = Release|Any CPU
		{5CE12F26-23B8-4CE4-BCAA-715C0A23D4E3}.Release|Any CPU.Build.0 = Release|Any CPU
	EndGlobalSection
	GlobalSection(SolutionProperties) = preSolution
		HideSolutionNode = FALSE
	EndGlobalSection
	GlobalSection(ExtensibilityGlobals) = postSolution
		SolutionGuid = {70489F09-7D06-46AB-80C7-8A1EE9CD96FC}
	EndGlobalSection
EndGlobal
